github.com/badoux/checkmail v1.2.1 h1:TzwYx5pnsV6anJweMx2auXdekBwGr/yt1GgalIx9nBQ=
github.com/badoux/checkmail v1.2.1/go.mod h1:XroCOBU5zzZJcLvgwU15I+2xXyCdTWXyR9MGfRhBYy0=
github.com/badoux/checkmail v1.2.4 h1:4zMjdYDjE2Q7xF06VNfyN8P9JGU7epLjNb+Yu5OThVI=
github.com/badoux/checkmail v1.2.4/go.mod h1:XroCOBU5zzZJcLvgwU15I+2xXyCdTWXyR9MGfRhBYy0=
github.com/golang-migrate/migrate v3.5.4+incompatible h1:R7OzwvCJTCgwapPCiX6DyBiu2czIUMDCB118gFTKTUA=
github.com/golang-migrate/migrate v3.5.4+incompatible/go.mod h1:IsVUlFN5puWOmXrqjgGUfIRIbU7mr8oNBE2tyERd9Wk=
github.com/gorilla/mux v1.8.0 h1:i40aqfkR1h2SlN9hojwV5ZA91wcXFOvkdNIeFDP5koI=
github.com/gorilla/mux v1.8.0/go.mod h1:DVbg23sWSpFRCP0SfiEN6jmj59UnW/n46BH5rLB71So=
github.com/gorilla/mux v1.8.1 h1:TuBL49tXwgrFYWhqrNgrUNEY92u81SPhu7sTdzQEiWY=
github.com/gorilla/mux v1.8.1/go.mod h1:AKf9I4AEqPTmMytcMc0KkNouC66V3BtZ4qD5fmWSiMQ=
github.com/gorilla/securecookie v1.1.1 h1:miw7JPhV+b/lAHSXz4qd/nN9jRiAFV5FwjeKyCS8BvQ=
github.com/gorilla/securecookie v1.1.1/go.mod h1:ra0sb63/xPlUeL+yeDciTfxMRAA+MP+HVt/4epWDjd4=
github.com/gorilla/securecookie v1.1.2 h1:YCIWL56dvtr73r6715mJs5ZvhtnY73hBvEF8kXD8ePA=
github.com/gorilla/securecookie v1.1.2/go.mod h1:NfCASbcHqRSY+3a8tlWJwsQap2VX5pwzwo4h3eOamfo=
github.com/gorilla/sessions v1.2.1 h1:DHd3rPN5lE3Ts3D8rKkQ8x/0kqfeNmBAaiSi+o7FsgI=
github.com/gorilla/sessions v1.2.1/go.mod h1:dk2InVEVJ0sfLlnXv9EAgkf6ecYs/i80K/zI+bUmuGM=
github.com/gorilla/sessions v1.2.2 h1:lqzMYz6bOfvn2WriPUjNByzeXIlVzURcPmgMczkmTjY=
github.com/gorilla/sessions v1.2.2/go.mod h1:ePLdVu+jbEgHH+KWw8I1z2wqd0BAdAQh/8LRvBeoNcQ=
github.com/lib/pq v1.10.4 h1:SO9z7FRPzA03QhHKJrH5BXA6HU1rS4V2nIVrrNC1iYk=
github.com/lib/pq v1.10.4/go.mod h1:AlVN5x4E4T544tWzH6hKfbfQvm3HdbOxrmggDNAPY9o=
github.com/lib/pq v1.10.9 h1:YXG7RB+JIjhP29X+OtkiDnYaXQwpS4JEWq7dtCCRUEw=
github.com/lib/pq v1.10.9/go.mod h1:AlVN5x4E4T544tWzH6hKfbfQvm3HdbOxrmggDNAPY9o=
golang.org/x/crypto v0.0.0-20211209193657-4570a0811e8b h1:QAqMVf3pSa6eeTsuklijukjXBlj7Es2QQplab+/RbQ4=
golang.org/x/crypto v0.0.0-20211209193657-4570a0811e8b/go.mod h1:IxCIyHEi3zRg3s0A5j5BB6A9Jmi73HwBIUl50j+osU4=
golang.org/x/crypto v0.13.0 h1:mvySKfSWJ+UKUii46M40LOvyWfN0s2U+46/jDd0e6Ck=
golang.org/x/crypto v0.13.0/go.mod h1:y6Z2r+Rw4iayiXXAIxJIDAJ1zMW4yaTpebo8fPOliYc=
golang.org/x/crypto v0.13.1-0.20230920181032-a1aeb9b34eb6 h1:B4ixMZXdNeU418eb0U7BKEHPCbdk50XYPqRS/28tDzI=
golang.org/x/crypto v0.13.1-0.20230920181032-a1aeb9b34eb6/go.mod h1:y6Z2r+Rw4iayiXXAIxJIDAJ1zMW4yaTpebo8fPOliYc=
golang.org/x/crypto v0.17.0 h1:r8bRNjWL3GshPW3gkd+RpvzWrZAwPS49OmTGZ/uhM4k=
golang.org/x/crypto v0.17.0/go.mod h1:gCAAfMLgwOJRpTjQ2zCCt2OcSfYMTeZVSRtQlPC7Nq4=
golang.org/x/net v0.0.0-20211112202133-69e39bad7dc2/go.mod h1:9nx3DQGgdP8bBQD5qxJ1jj9UTztislL4KSBs9R2vV5Y=
golang.org/x/sys v0.0.0-20201119102817-f84b799fce68/go.mod h1:h1NjWce9XRLGQEsW7wpKNCjG9DtNlClVuFLEZdDNbEs=
golang.org/x/sys v0.0.0-20210423082822-04245dca01da/go.mod h1:h1NjWce9XRLGQEsW7wpKNCjG9DtNlClVuFLEZdDNbEs=
golang.org/x/sys v0.0.0-20210615035016-665e8c7367d1/go.mod h1:oPkhp1MJrh7nUepCBck5+mAzfO9JrbApNNgaTdGDITg=
golang.org/x/term v0.0.0-20201126162022-7de9c90e9dd1/go.mod h1:bj7SfCRtBDWHUb9snDiAeCFNEtKQo2Wmx5Cou7ajbmo=
golang.org/x/text v0.3.6/go.mod h1:5Zoc/QRtKVWzQhOtBMvqHzDpF6irO9z98xDceosuGiQ=
golang.org/x/tools v0.0.0-20180917221912-90fa682c2a6e/go.mod h1:n7NCudcB/nEzxVGmLbDWY5pfWTLqBcC2KZ6jyYvM4mQ=
